// !$*UTF8*$!
{
	archiveVersion = 1;
	classes = {
	};
	objectVersion = 46;
	objects = {

/* Begin PBXBuildFile section */
		A03323441F694EB1001A98C3 /* MemoryLeakViewController.m in Sources */ = {isa = PBXBuildFile; fileRef = A03323431F694EB1001A98C3 /* MemoryLeakViewController.m */; };
		A0342B291F6C41F40071A456 /* WeakLinkObj.m in Sources */ = {isa = PBXBuildFile; fileRef = A0342B281F6C41F40071A456 /* WeakLinkObj.m */; };
		A04CDD031F66984E001C16F8 /* MenuViewController.m in Sources */ = {isa = PBXBuildFile; fileRef = A04CDD011F66984E001C16F8 /* MenuViewController.m */; };
		A0766BDE1F6992B6002983C8 /* Info.plist in Resources */ = {isa = PBXBuildFile; fileRef = A0D0A7E81F094FE40053443E /* Info.plist */; };
		A0D0A7D91F094FE40053443E /* main.m in Sources */ = {isa = PBXBuildFile; fileRef = A0D0A7D81F094FE40053443E /* main.m */; };
		A0D0A7DC1F094FE40053443E /* AppDelegate.m in Sources */ = {isa = PBXBuildFile; fileRef = A0D0A7DB1F094FE40053443E /* AppDelegate.m */; };
		A0D0A7E21F094FE40053443E /* Main.storyboard in Resources */ = {isa = PBXBuildFile; fileRef = A0D0A7E01F094FE40053443E /* Main.storyboard */; };
		A0D0A7E41F094FE40053443E /* Assets.xcassets in Resources */ = {isa = PBXBuildFile; fileRef = A0D0A7E31F094FE40053443E /* Assets.xcassets */; };
		A0D0A7E71F094FE40053443E /* LaunchScreen.storyboard in Resources */ = {isa = PBXBuildFile; fileRef = A0D0A7E51F094FE40053443E /* LaunchScreen.storyboard */; };
/* End PBXBuildFile section */

/* Begin PBXFileReference section */
		A03323421F694EB1001A98C3 /* MemoryLeakViewController.h */ = {isa = PBXFileReference; lastKnownFileType = sourcecode.c.h; name = MemoryLeakViewController.h; path = Controllers/MemoryLeakViewController.h; sourceTree = "<group>"; };
		A03323431F694EB1001A98C3 /* MemoryLeakViewController.m */ = {isa = PBXFileReference; lastKnownFileType = sourcecode.c.objc; name = MemoryLeakViewController.m; path = Controllers/MemoryLeakViewController.m; sourceTree = "<group>"; };
		A0342B271F6C41F40071A456 /* WeakLinkObj.h */ = {isa = PBXFileReference; lastKnownFileType = sourcecode.c.h; name = WeakLinkObj.h; path = Utilities/WeakLinkObj.h; sourceTree = "<group>"; };
		A0342B281F6C41F40071A456 /* WeakLinkObj.m */ = {isa = PBXFileReference; lastKnownFileType = sourcecode.c.objc; name = WeakLinkObj.m; path = Utilities/WeakLinkObj.m; sourceTree = "<group>"; };
		A04CDD011F66984E001C16F8 /* MenuViewController.m */ = {isa = PBXFileReference; lastKnownFileType = sourcecode.c.objc; name = MenuViewController.m; path = Controllers/MenuViewController.m; sourceTree = "<group>"; };
		A04CDD021F66984E001C16F8 /* MenuViewController.h */ = {isa = PBXFileReference; lastKnownFileType = sourcecode.c.h; name = MenuViewController.h; path = Controllers/MenuViewController.h; sourceTree = "<group>"; };
		A0D0A7D41F094FE40053443E /* Test Memory Leak.app */ = {isa = PBXFileReference; explicitFileType = wrapper.application; includeInIndex = 0; path = "Test Memory Leak.app"; sourceTree = BUILT_PRODUCTS_DIR; };
		A0D0A7D81F094FE40053443E /* main.m */ = {isa = PBXFileReference; lastKnownFileType = sourcecode.c.objc; path = main.m; sourceTree = "<group>"; };
		A0D0A7DA1F094FE40053443E /* AppDelegate.h */ = {isa = PBXFileReference; lastKnownFileType = sourcecode.c.h; path = AppDelegate.h; sourceTree = "<group>"; };
		A0D0A7DB1F094FE40053443E /* AppDelegate.m */ = {isa = PBXFileReference; lastKnownFileType = sourcecode.c.objc; path = AppDelegate.m; sourceTree = "<group>"; };
		A0D0A7E11F094FE40053443E /* Base */ = {isa = PBXFileReference; lastKnownFileType = file.storyboard; name = Base; path = Base.lproj/Main.storyboard; sourceTree = "<group>"; };
		A0D0A7E31F094FE40053443E /* Assets.xcassets */ = {isa = PBXFileReference; lastKnownFileType = folder.assetcatalog; path = Assets.xcassets; sourceTree = "<group>"; };
		A0D0A7E61F094FE40053443E /* Base */ = {isa = PBXFileReference; lastKnownFileType = file.storyboard; name = Base; path = Base.lproj/LaunchScreen.storyboard; sourceTree = "<group>"; };
		A0D0A7E81F094FE40053443E /* Info.plist */ = {isa = PBXFileReference; lastKnownFileType = text.plist.xml; path = Info.plist; sourceTree = "<group>"; };
/* End PBXFileReference section */

/* Begin PBXFrameworksBuildPhase section */
		A0D0A7D11F094FE40053443E /* Frameworks */ = {
			isa = PBXFrameworksBuildPhase;
			buildActionMask = 2147483647;
			files = (
			);
			runOnlyForDeploymentPostprocessing = 0;
		};
/* End PBXFrameworksBuildPhase section */

/* Begin PBXGroup section */
		A0342B201F6C1B350071A456 /* Utilities */ = {
			isa = PBXGroup;
			children = (
				A0342B271F6C41F40071A456 /* WeakLinkObj.h */,
				A0342B281F6C41F40071A456 /* WeakLinkObj.m */,
			);
			name = Utilities;
			sourceTree = "<group>";
		};
		A04CDCF71F6697B6001C16F8 /* Controllers */ = {
			isa = PBXGroup;
			children = (
				A04CDD021F66984E001C16F8 /* MenuViewController.h */,
				A04CDD011F66984E001C16F8 /* MenuViewController.m */,
				A03323421F694EB1001A98C3 /* MemoryLeakViewController.h */,
				A03323431F694EB1001A98C3 /* MemoryLeakViewController.m */,
			);
			name = Controllers;
			sourceTree = "<group>";
		};
		A04CDCF81F6697E9001C16F8 /* Views */ = {
			isa = PBXGroup;
			children = (
			);
			name = Views;
			sourceTree = "<group>";
		};
		A0D0A7CB1F094FE40053443E = {
			isa = PBXGroup;
			children = (
				A0D0A7D61F094FE40053443E /* Test Memory Leak */,
				A0D0A7D51F094FE40053443E /* Products */,
			);
			sourceTree = "<group>";
		};
		A0D0A7D51F094FE40053443E /* Products */ = {
			isa = PBXGroup;
			children = (
				A0D0A7D41F094FE40053443E /* Test Memory Leak.app */,
			);
			name = Products;
			sourceTree = "<group>";
		};
		A0D0A7D61F094FE40053443E /* Test Memory Leak */ = {
			isa = PBXGroup;
			children = (
				A0D0A7DA1F094FE40053443E /* AppDelegate.h */,
				A0D0A7DB1F094FE40053443E /* AppDelegate.m */,
				A0342B201F6C1B350071A456 /* Utilities */,
				A04CDCF71F6697B6001C16F8 /* Controllers */,
				A04CDCF81F6697E9001C16F8 /* Views */,
				A0D0A7E31F094FE40053443E /* Assets.xcassets */,
				A0D0A7E01F094FE40053443E /* Main.storyboard */,
				A0D0A7E51F094FE40053443E /* LaunchScreen.storyboard */,
				A0D0A7E81F094FE40053443E /* Info.plist */,
				A0D0A7D71F094FE40053443E /* Supporting Files */,
			);
			path = "Test Memory Leak";
			sourceTree = "<group>";
		};
		A0D0A7D71F094FE40053443E /* Supporting Files */ = {
			isa = PBXGroup;
			children = (
				A0D0A7D81F094FE40053443E /* main.m */,
			);
			name = "Supporting Files";
			sourceTree = "<group>";
		};
/* End PBXGroup section */

/* Begin PBXNativeTarget section */
		A0D0A7D31F094FE40053443E /* Test Memory Leak */ = {
			isa = PBXNativeTarget;
			buildConfigurationList = A0D0A7EB1F094FE40053443E /* Build configuration list for PBXNativeTarget "Test Memory Leak" */;
			buildPhases = (
				A0D0A7D01F094FE40053443E /* Sources */,
				A0D0A7D11F094FE40053443E /* Frameworks */,
				A0D0A7D21F094FE40053443E /* Resources */,
			);
			buildRules = (
			);
			dependencies = (
			);
			name = "Test Memory Leak";
			productName = "Objc Playground";
			productReference = A0D0A7D41F094FE40053443E /* Test Memory Leak.app */;
			productType = "com.apple.product-type.application";
		};
/* End PBXNativeTarget section */

/* Begin PBXProject section */
		A0D0A7CC1F094FE40053443E /* Project object */ = {
			isa = PBXProject;
			attributes = {
				LastUpgradeCheck = 0830;
				ORGANIZATIONNAME = hungMighty;
				TargetAttributes = {
					A0D0A7D31F094FE40053443E = {
						CreatedOnToolsVersion = 8.3.3;
						DevelopmentTeam = T3LZMZNN78;
						ProvisioningStyle = Automatic;
					};
				};
			};
			buildConfigurationList = A0D0A7CF1F094FE40053443E /* Build configuration list for PBXProject "Test Memory Leak" */;
			compatibilityVersion = "Xcode 3.2";
			developmentRegion = English;
			hasScannedForEncodings = 0;
			knownRegions = (
				en,
				Base,
			);
			mainGroup = A0D0A7CB1F094FE40053443E;
			productRefGroup = A0D0A7D51F094FE40053443E /* Products */;
			projectDirPath = "";
			projectRoot = "";
			targets = (
				A0D0A7D31F094FE40053443E /* Test Memory Leak */,
			);
		};
/* End PBXProject section */

/* Begin PBXResourcesBuildPhase section */
		A0D0A7D21F094FE40053443E /* Resources */ = {
			isa = PBXResourcesBuildPhase;
			buildActionMask = 2147483647;
			files = (
				A0766BDE1F6992B6002983C8 /* Info.plist in Resources */,
				A0D0A7E71F094FE40053443E /* LaunchScreen.storyboard in Resources */,
				A0D0A7E41F094FE40053443E /* Assets.xcassets in Resources */,
				A0D0A7E21F094FE40053443E /* Main.storyboard in Resources */,
			);
			runOnlyForDeploymentPostprocessing = 0;
		};
/* End PBXResourcesBuildPhase section */

/* Begin PBXSourcesBuildPhase section */
		A0D0A7D01F094FE40053443E /* Sources */ = {
			isa = PBXSourcesBuildPhase;
			buildActionMask = 2147483647;
			files = (
				A0D0A7DC1F094FE40053443E /* AppDelegate.m in Sources */,
				A0D0A7D91F094FE40053443E /* main.m in Sources */,
				A03323441F694EB1001A98C3 /* MemoryLeakViewController.m in Sources */,
				A0342B291F6C41F40071A456 /* WeakLinkObj.m in Sources */,
				A04CDD031F66984E001C16F8 /* MenuViewController.m in Sources */,
			);
			runOnlyForDeploymentPostprocessing = 0;
		};
/* End PBXSourcesBuildPhase section */

/* Begin PBXVariantGroup section */
		A0D0A7E01F094FE40053443E /* Main.storyboard */ = {
			isa = PBXVariantGroup;
			children = (
				A0D0A7E11F094FE40053443E /* Base */,
			);
			name = Main.storyboard;
			sourceTree = "<group>";
		};
		A0D0A7E51F094FE40053443E /* LaunchScreen.storyboard */ = {
			isa = PBXVariantGroup;
			children = (
				A0D0A7E61F094FE40053443E /* Base */,
			);
			name = LaunchScreen.storyboard;
			sourceTree = "<group>";
		};
/* End PBXVariantGroup section */

/* Begin XCBuildConfiguration section */
		A0D0A7E91F094FE40053443E /* Debug */ = {
			isa = XCBuildConfiguration;
			buildSettings = {
				ALWAYS_SEARCH_USER_PATHS = NO;
				CLANG_ANALYZER_NONNULL = YES;
				CLANG_ANALYZER_NUMBER_OBJECT_CONVERSION = YES_AGGRESSIVE;
				CLANG_CXX_LANGUAGE_STANDARD = "gnu++0x";
				CLANG_CXX_LIBRARY = "libc++";
				CLANG_ENABLE_MODULES = YES;
				CLANG_ENABLE_OBJC_ARC = YES;
				CLANG_WARN_BOOL_CONVERSION = YES;
				CLANG_WARN_CONSTANT_CONVERSION = YES;
				CLANG_WARN_DIRECT_OBJC_ISA_USAGE = YES_ERROR;
				CLANG_WARN_DOCUMENTATION_COMMENTS = YES;
				CLANG_WARN_EMPTY_BODY = YES;
				CLANG_WARN_ENUM_CONVERSION = YES;
				CLANG_WARN_INFINITE_RECURSION = YES;
				CLANG_WARN_INT_CONVERSION = YES;
				CLANG_WARN_OBJC_ROOT_CLASS = YES_ERROR;
				CLANG_WARN_SUSPICIOUS_MOVE = YES;
				CLANG_WARN_UNREACHABLE_CODE = YES;
				CLANG_WARN__DUPLICATE_METHOD_MATCH = YES;
				"CODE_SIGN_IDENTITY[sdk=iphoneos*]" = "iPhone Developer";
				COPY_PHASE_STRIP = NO;
				DEBUG_INFORMATION_FORMAT = dwarf;
				ENABLE_STRICT_OBJC_MSGSEND = YES;
				ENABLE_TESTABILITY = YES;
				GCC_C_LANGUAGE_STANDARD = gnu99;
				GCC_DYNAMIC_NO_PIC = NO;
				GCC_NO_COMMON_BLOCKS = YES;
				GCC_OPTIMIZATION_LEVEL = 0;
				GCC_PREPROCESSOR_DEFINITIONS = (
					"DEBUG=1",
					"$(inherited)",
				);
				GCC_WARN_64_TO_32_BIT_CONVERSION = YES;
				GCC_WARN_ABOUT_RETURN_TYPE = YES_ERROR;
				GCC_WARN_UNDECLARED_SELECTOR = YES;
				GCC_WARN_UNINITIALIZED_AUTOS = YES_AGGRESSIVE;
				GCC_WARN_UNUSED_FUNCTION = YES;
				GCC_WARN_UNUSED_VARIABLE = YES;
				IPHONEOS_DEPLOYMENT_TARGET = 9.0;
				MTL_ENABLE_DEBUG_INFO = YES;
				ONLY_ACTIVE_ARCH = YES;
				SDKROOT = iphoneos;
				TARGETED_DEVICE_FAMILY = "1,2";
			};
			name = Debug;
		};
		A0D0A7EA1F094FE40053443E /* Release */ = {
			isa = XCBuildConfiguration;
			buildSettings = {
				ALWAYS_SEARCH_USER_PATHS = NO;
				CLANG_ANALYZER_NONNULL = YES;
				CLANG_ANALYZER_NUMBER_OBJECT_CONVERSION = YES_AGGRESSIVE;
				CLANG_CXX_LANGUAGE_STANDARD = "gnu++0x";
				CLANG_CXX_LIBRARY = "libc++";
				CLANG_ENABLE_MODULES = YES;
				CLANG_ENABLE_OBJC_ARC = YES;
				CLANG_WARN_BOOL_CONVERSION = YES;
				CLANG_WARN_CONSTANT_CONVERSION = YES;
				CLANG_WARN_DIRECT_OBJC_ISA_USAGE = YES_ERROR;
				CLANG_WARN_DOCUMENTATION_COMMENTS = YES;
				CLANG_WARN_EMPTY_BODY = YES;
				CLANG_WARN_ENUM_CONVERSION = YES;
				CLANG_WARN_INFINITE_RECURSION = YES;
				CLANG_WARN_INT_CONVERSION = YES;
				CLANG_WARN_OBJC_ROOT_CLASS = YES_ERROR;
				CLANG_WARN_SUSPICIOUS_MOVE = YES;
				CLANG_WARN_UNREACHABLE_CODE = YES;
				CLANG_WARN__DUPLICATE_METHOD_MATCH = YES;
				"CODE_SIGN_IDENTITY[sdk=iphoneos*]" = "iPhone Developer";
				COPY_PHASE_STRIP = NO;
				DEBUG_INFORMATION_FORMAT = "dwarf-with-dsym";
				ENABLE_NS_ASSERTIONS = NO;
				ENABLE_STRICT_OBJC_MSGSEND = YES;
				GCC_C_LANGUAGE_STANDARD = gnu99;
				GCC_NO_COMMON_BLOCKS = YES;
				GCC_WARN_64_TO_32_BIT_CONVERSION = YES;
				GCC_WARN_ABOUT_RETURN_TYPE = YES_ERROR;
				GCC_WARN_UNDECLARED_SELECTOR = YES;
				GCC_WARN_UNINITIALIZED_AUTOS = YES_AGGRESSIVE;
				GCC_WARN_UNUSED_FUNCTION = YES;
				GCC_WARN_UNUSED_VARIABLE = YES;
				IPHONEOS_DEPLOYMENT_TARGET = 9.0;
				MTL_ENABLE_DEBUG_INFO = NO;
				SDKROOT = iphoneos;
				TARGETED_DEVICE_FAMILY = "1,2";
				VALIDATE_PRODUCT = YES;
			};
			name = Release;
		};
		A0D0A7EC1F094FE40053443E /* Debug */ = {
			isa = XCBuildConfiguration;
			buildSettings = {
				ASSETCATALOG_COMPILER_APPICON_NAME = AppIcon;
				DEVELOPMENT_TEAM = T3LZMZNN78;
				INFOPLIST_FILE = "$(SRCROOT)/Test Memory Leak/Info.plist";
				IPHONEOS_DEPLOYMENT_TARGET = 9.0;
				LD_RUNPATH_SEARCH_PATHS = "$(inherited) @executable_path/Frameworks";
				PRODUCT_BUNDLE_IDENTIFIER = com.hungMighty.TestMemoryLeak;
				PRODUCT_NAME = "$(TARGET_NAME)";
			};
			name = Debug;
		};
		A0D0A7ED1F094FE40053443E /* Release */ = {
			isa = XCBuildConfiguration;
			buildSettings = {
				ASSETCATALOG_COMPILER_APPICON_NAME = AppIcon;
				DEVELOPMENT_TEAM = T3LZMZNN78;
				INFOPLIST_FILE = "$(SRCROOT)/Test Memory Leak/Info.plist";
				IPHONEOS_DEPLOYMENT_TARGET = 9.0;
				LD_RUNPATH_SEARCH_PATHS = "$(inherited) @executable_path/Frameworks";
				PRODUCT_BUNDLE_IDENTIFIER = com.hungMighty.TestMemoryLeak;
				PRODUCT_NAME = "$(TARGET_NAME)";
			};
			name = Release;
		};
/* End XCBuildConfiguration section */

/* Begin XCConfigurationList section */
		A0D0A7CF1F094FE40053443E /* Build configuration list for PBXProject "Test Memory Leak" */ = {
			isa = XCConfigurationList;
			buildConfigurations = (
				A0D0A7E91F094FE40053443E /* Debug */,
				A0D0A7EA1F094FE40053443E /* Release */,
			);
			defaultConfigurationIsVisible = 0;
			defaultConfigurationName = Release;
		};
		A0D0A7EB1F094FE40053443E /* Build configuration list for PBXNativeTarget "Test Memory Leak" */ = {
			isa = XCConfigurationList;
			buildConfigurations = (
				A0D0A7EC1F094FE40053443E /* Debug */,
				A0D0A7ED1F094FE40053443E /* Release */,
			);
			defaultConfigurationIsVisible = 0;
			defaultConfigurationName = Release;
		};
/* End XCConfigurationList section */
	};
	rootObject = A0D0A7CC1F094FE40053443E /* Project object */;
}
